{
  "pins" : [
    {
      "identity" : "stjson",
      "kind" : "remoteSourceControl",
      "location" : "https://github.com/linhay/STJSON",
      "state" : {
        "revision" : "98b577df4a4908d53f42cdc3692edf7b4c622063",
        "version" : "1.0.5"
      }
    },
    {
      "identity" : "swift-http-types",
      "kind" : "remoteSourceControl",
      "location" : "https://github.com/apple/swift-http-types.git",
      "state" : {
        "revision" : "99d066e29effa8845e4761dd3f2f831edfdf8925",
        "version" : "1.0.0"
      }
    }
  ],
  "version" : 2
}
